
Microsoft Visual Studio Solution File, Format Version 12.00
# Visual Studio Version 16
VisualStudioVersion = 16.0.32228.343
MinimumVisualStudioVersion = 10.0.40219.1
Project("{FAE04EC0-301F-11D3-BF4B-00C04F79EFBC}") = "GeorgesQA", "..\GeorgesQA\GeorgesQA.csproj", "{D2E9C4CB-0B9E-478D-BA95-A218291E28F8}"
EndProject
Global
	GlobalSection(SolutionConfigurationPlatforms) = preSolution
		Debug|Any CPU = Debug|Any CPU
		Release|Any CPU = Release|Any CPU
	EndGlobalSection
	GlobalSection(ProjectConfigurationPlatforms) = postSolution
		{D2E9C4CB-0B9E-478D-BA95-A218291E28F8}.Debug|Any CPU.ActiveCfg = Debug|Any CPU
		{D2E9C4CB-0B9E-478D-BA95-A218291E28F8}.Debug|Any CPU.Build.0 = Debug|Any CPU
		{D2E9C4CB-0B9E-478D-BA95-A218291E28F8}.Release|Any CPU.ActiveCfg = Release|Any CPU
		{D2E9C4CB-0B9E-478D-BA95-A218291E28F8}.Release|Any CPU.Build.0 = Release|Any CPU
	EndGlobalSection
	GlobalSection(SolutionProperties) = preSolution
		HideSolutionNode = FALSE
	EndGlobalSection
	GlobalSection(ExtensibilityGlobals) = postSolution
		SolutionGuid = {654887AA-55FF-4CF6-AF0A-D5053686BAC1}
	EndGlobalSection
EndGlobal
