
Microsoft Visual Studio Solution File, Format Version 12.00
# Visual Studio Version 16
VisualStudioVersion = 16.0.32228.343
MinimumVisualStudioVersion = 10.0.40219.1
Project("{FAE04EC0-301F-11D3-BF4B-00C04F79EFBC}") = "textplay", "textplay.csproj", "{C63FE4CA-3FB7-40B7-A019-13A14F476C2A}"
EndProject
Global
	GlobalSection(SolutionConfigurationPlatforms) = preSolution
		Debug|Any CPU = Debug|Any CPU
		Release|Any CPU = Release|Any CPU
	EndGlobalSection
	GlobalSection(ProjectConfigurationPlatforms) = postSolution
		{C63FE4CA-3FB7-40B7-A019-13A14F476C2A}.Debug|Any CPU.ActiveCfg = Debug|Any CPU
		{C63FE4CA-3FB7-40B7-A019-13A14F476C2A}.Debug|Any CPU.Build.0 = Debug|Any CPU
		{C63FE4CA-3FB7-40B7-A019-13A14F476C2A}.Release|Any CPU.ActiveCfg = Release|Any CPU
		{C63FE4CA-3FB7-40B7-A019-13A14F476C2A}.Release|Any CPU.Build.0 = Release|Any CPU
	EndGlobalSection
	GlobalSection(SolutionProperties) = preSolution
		HideSolutionNode = FALSE
	EndGlobalSection
	GlobalSection(ExtensibilityGlobals) = postSolution
		SolutionGuid = {4A810B06-C190-481A-BC94-FAF60A5C6765}
	EndGlobalSection
EndGlobal
