
Microsoft Visual Studio Solution File, Format Version 12.00
# Visual Studio Version 17
VisualStudioVersion = 17.2.32616.157
MinimumVisualStudioVersion = 10.0.40219.1
Project("{9A19103F-16F7-4668-BE54-9A1E7A4F7556}") = "CsharpClassWork", "CsharpClassWork.csproj", "{83113A5C-EF96-4B15-98D6-0A6533C28A74}"
EndProject
Project("{FAE04EC0-301F-11D3-BF4B-00C04F79EFBC}") = "CsharpClassWork.unitTest", "..\CsharpClassWork.unitTest\CsharpClassWork.unitTest.csproj", "{77DC17D8-2265-4895-B9F1-DCA5BAFB6509}"
EndProject
Global
	GlobalSection(SolutionConfigurationPlatforms) = preSolution
		Debug|Any CPU = Debug|Any CPU
		Release|Any CPU = Release|Any CPU
	EndGlobalSection
	GlobalSection(ProjectConfigurationPlatforms) = postSolution
		{83113A5C-EF96-4B15-98D6-0A6533C28A74}.Debug|Any CPU.ActiveCfg = Debug|Any CPU
		{83113A5C-EF96-4B15-98D6-0A6533C28A74}.Debug|Any CPU.Build.0 = Debug|Any CPU
		{83113A5C-EF96-4B15-98D6-0A6533C28A74}.Release|Any CPU.ActiveCfg = Release|Any CPU
		{83113A5C-EF96-4B15-98D6-0A6533C28A74}.Release|Any CPU.Build.0 = Release|Any CPU
		{77DC17D8-2265-4895-B9F1-DCA5BAFB6509}.Debug|Any CPU.ActiveCfg = Debug|Any CPU
		{77DC17D8-2265-4895-B9F1-DCA5BAFB6509}.Debug|Any CPU.Build.0 = Debug|Any CPU
		{77DC17D8-2265-4895-B9F1-DCA5BAFB6509}.Release|Any CPU.ActiveCfg = Release|Any CPU
		{77DC17D8-2265-4895-B9F1-DCA5BAFB6509}.Release|Any CPU.Build.0 = Release|Any CPU
	EndGlobalSection
	GlobalSection(SolutionProperties) = preSolution
		HideSolutionNode = FALSE
	EndGlobalSection
	GlobalSection(ExtensibilityGlobals) = postSolution
		SolutionGuid = {DA245A59-7CFB-430C-881A-6F6A53D31A55}
	EndGlobalSection
EndGlobal
